{
  "name": "proj",
  "version": "1.0.0",
  "lockfileVersion": 1,
  "requires": true,
  "dependencies": {
    "@types/pixi.js": {
      "version": "4.8.3",
      "resolved": "https://registry.npmjs.org/@types/pixi.js/-/pixi.js-4.8.3.tgz",
      "integrity": "sha512-2vqJMn7z5wd9i4dTgoZzvElsh+0sd5P+4N29M45s2h1Q/yLydRDKmwFHjvbP1gFKOo+4BTDmGCwtvW1LbKILhw==",
      "dev": true
    },
    "regenerator-runtime": {
      "version": "0.12.1",
      "resolved": "https://registry.npmjs.org/regenerator-runtime/-/regenerator-runtime-0.12.1.tgz",
      "integrity": "sha512-odxIc1/vDlo4iZcfXqRYFj0vpXFNoGdKMAUieAlFYO6m/nl5e9KR/beGf41z4a1FI+aQgtjhuaSlDxQ0hmkrHg=="
    },
    "roughjs": {
      "version": "2.2.5",
      "resolved": "https://registry.npmjs.org/roughjs/-/roughjs-2.2.5.tgz",
      "integrity": "sha512-OHNG2wHIaPDVgKIehFMyiiC+xPjy+yEBxsDkTIDoosXtEkzckdPuXuK3Z8nSmZtPwF+LaTMlExsOcfIN+aql/A==",
      "dev": true
    }
  }
}
